
Microsoft Visual Studio Solution File, Format Version 12.00
# Visual Studio 15
VisualStudioVersion = 15.0.28307.1585
MinimumVisualStudioVersion = 10.0.40219.1
Project("{FAE04EC0-301F-11D3-BF4B-00C04F79EFBC}") = "BDC", "Backdoor\BDC.csproj", "{AFB958F7-3054-4353-9299-EE150B6D411C}"
EndProject
Global
	GlobalSection(SolutionConfigurationPlatforms) = preSolution
		Debug|Any CPU = Debug|Any CPU
		Release|Any CPU = Release|Any CPU
	EndGlobalSection
	GlobalSection(ProjectConfigurationPlatforms) = postSolution
		{AFB958F7-3054-4353-9299-EE150B6D411C}.Debug|Any CPU.ActiveCfg = Debug|Any CPU
		{AFB958F7-3054-4353-9299-EE150B6D411C}.Debug|Any CPU.Build.0 = Debug|Any CPU
		{AFB958F7-3054-4353-9299-EE150B6D411C}.Release|Any CPU.ActiveCfg = Release|Any CPU
		{AFB958F7-3054-4353-9299-EE150B6D411C}.Release|Any CPU.Build.0 = Release|Any CPU
	EndGlobalSection
	GlobalSection(SolutionProperties) = preSolution
		HideSolutionNode = FALSE
	EndGlobalSection
	GlobalSection(ExtensibilityGlobals) = postSolution
		SolutionGuid = {60B9679B-3D62-4C34-BC5C-88EA5A01D38E}
	EndGlobalSection
EndGlobal
